
Microsoft Visual Studio Solution File, Format Version 12.00
# Visual Studio Version 16
VisualStudioVersion = 16.0.29905.134
MinimumVisualStudioVersion = 10.0.40219.1
Project("{8BC9CEB8-8B4A-11D0-8D11-00A0C91BC942}") = "team_project_inception", "team_project_inception.vcxproj", "{BCF87D65-C2B9-4DD5-AC0B-90B449147705}"
EndProject
Project("{54435603-DBB4-11D2-8724-00A0C9A8B90C}") = "TheInception_Installer", "..\TheInception_Installer\TheInception_Installer.vdproj", "{3F4AD824-9088-4BF7-8005-F4AF12BC7A66}"
EndProject
Global
	GlobalSection(SolutionConfigurationPlatforms) = preSolution
		Debug|x64 = Debug|x64
		Debug|x86 = Debug|x86
		Release|x64 = Release|x64
		Release|x86 = Release|x86
	EndGlobalSection
	GlobalSection(ProjectConfigurationPlatforms) = postSolution
		{BCF87D65-C2B9-4DD5-AC0B-90B449147705}.Debug|x64.ActiveCfg = Debug|x64
		{BCF87D65-C2B9-4DD5-AC0B-90B449147705}.Debug|x64.Build.0 = Debug|x64
		{BCF87D65-C2B9-4DD5-AC0B-90B449147705}.Debug|x86.ActiveCfg = Debug|Win32
		{BCF87D65-C2B9-4DD5-AC0B-90B449147705}.Debug|x86.Build.0 = Debug|Win32
		{BCF87D65-C2B9-4DD5-AC0B-90B449147705}.Release|x64.ActiveCfg = Release|x64
		{BCF87D65-C2B9-4DD5-AC0B-90B449147705}.Release|x64.Build.0 = Release|x64
		{BCF87D65-C2B9-4DD5-AC0B-90B449147705}.Release|x86.ActiveCfg = Release|Win32
		{BCF87D65-C2B9-4DD5-AC0B-90B449147705}.Release|x86.Build.0 = Release|Win32
		{3F4AD824-9088-4BF7-8005-F4AF12BC7A66}.Debug|x64.ActiveCfg = Debug
		{3F4AD824-9088-4BF7-8005-F4AF12BC7A66}.Debug|x86.ActiveCfg = Debug
		{3F4AD824-9088-4BF7-8005-F4AF12BC7A66}.Release|x64.ActiveCfg = Release
		{3F4AD824-9088-4BF7-8005-F4AF12BC7A66}.Release|x86.ActiveCfg = Release
	EndGlobalSection
	GlobalSection(SolutionProperties) = preSolution
		HideSolutionNode = FALSE
	EndGlobalSection
	GlobalSection(ExtensibilityGlobals) = postSolution
		SolutionGuid = {1BB3B948-D704-4131-B1B7-9DAF5BF0AC0F}
	EndGlobalSection
EndGlobal
